
Microsoft Visual Studio Solution File, Format Version 12.00
# Visual Studio Version 16
VisualStudioVersion = 16.0.32106.194
MinimumVisualStudioVersion = 10.0.40219.1
Project("{FAE04EC0-301F-11D3-BF4B-00C04F79EFBC}") = "MHR-Model-Converter", "MHR-Model-Converter\MHR-Model-Converter.csproj", "{AB6C7F14-0524-43F7-A91C-DD8C7F6ECD2B}"
EndProject
Global
	GlobalSection(SolutionConfigurationPlatforms) = preSolution
		Debug|Any CPU = Debug|Any CPU
		Release|Any CPU = Release|Any CPU
	EndGlobalSection
	GlobalSection(ProjectConfigurationPlatforms) = postSolution
		{AB6C7F14-0524-43F7-A91C-DD8C7F6ECD2B}.Debug|Any CPU.ActiveCfg = Debug|Any CPU
		{AB6C7F14-0524-43F7-A91C-DD8C7F6ECD2B}.Debug|Any CPU.Build.0 = Debug|Any CPU
		{AB6C7F14-0524-43F7-A91C-DD8C7F6ECD2B}.Release|Any CPU.ActiveCfg = Release|Any CPU
		{AB6C7F14-0524-43F7-A91C-DD8C7F6ECD2B}.Release|Any CPU.Build.0 = Release|Any CPU
	EndGlobalSection
	GlobalSection(SolutionProperties) = preSolution
		HideSolutionNode = FALSE
	EndGlobalSection
	GlobalSection(ExtensibilityGlobals) = postSolution
		SolutionGuid = {94B0D3CC-6853-478A-9384-122A7F1B9202}
	EndGlobalSection
EndGlobal
